{
  "name": "testing-packages",
  "lockfileVersion": 3,
  "requires": true,
  "packages": {
    "": {
      "dependencies": {
        "array-methods-by-trisha": "^1.0.1",
        "binary_search_by_trisha": "^1.0.0"
      }
    },
    "node_modules/array-methods-by-trisha": {
      "version": "1.0.1",
      "resolved": "https://registry.npmjs.org/array-methods-by-trisha/-/array-methods-by-trisha-1.0.1.tgz",
      "integrity": "sha512-MEBmC5W7IPzSm3YaOOGurqepysHNIYPrIs9zvnytKr34B2oLPDrDccIh8e7BxT80pQw4F/6yhfknV7tJmCy98g==",
      "license": "ISC"
    },
    "node_modules/binary_search_by_trisha": {
      "version": "1.0.0",
      "resolved": "https://registry.npmjs.org/binary_search_by_trisha/-/binary_search_by_trisha-1.0.0.tgz",
      "integrity": "sha512-ZXMsRHVAYY1DA0qjEAeM1Rfyd+/TPPUueP8b1zAwaQOI0zi08fVWFuXcG7ZmAre8HGXtgC/OEQbOuSdD0P0hVg==",
      "license": "ISC"
    }
  }
}
